// !$*UTF8*$!
{
	archiveVersion = 1;
	classes = {
	};
	objectVersion = 56;
	objects = {

/* Begin PBXBuildFile section */
		EDB20BD72AC482A5002B7F1C /* ArraysAndHasing.swift in Sources */ = {isa = PBXBuildFile; fileRef = EDB20BD62AC482A5002B7F1C /* ArraysAndHasing.swift */; };
		EDB20BD92AC483AC002B7F1C /* TwoPointers.swift in Sources */ = {isa = PBXBuildFile; fileRef = EDB20BD82AC483AC002B7F1C /* TwoPointers.swift */; };
		EDB20BDB2AC48404002B7F1C /* TwoPointersTests.swift in Sources */ = {isa = PBXBuildFile; fileRef = EDB20BDA2AC48404002B7F1C /* TwoPointersTests.swift */; };
		EDD204A42ABFB1C400C00BC6 /* LeetCodePractice.docc in Sources */ = {isa = PBXBuildFile; fileRef = EDD204A32ABFB1C400C00BC6 /* LeetCodePractice.docc */; };
		EDD204AA2ABFB1C400C00BC6 /* LeetCodePractice.framework in Frameworks */ = {isa = PBXBuildFile; fileRef = EDD2049F2ABFB1C400C00BC6 /* LeetCodePractice.framework */; };
		EDD204B02ABFB1C400C00BC6 /* LeetCodePractice.h in Headers */ = {isa = PBXBuildFile; fileRef = EDD204A22ABFB1C400C00BC6 /* LeetCodePractice.h */; settings = {ATTRIBUTES = (Public, ); }; };
		EDD204BA2ABFB23D00C00BC6 /* ArraysAndHashingTests.swift in Sources */ = {isa = PBXBuildFile; fileRef = EDD204B92ABFB23D00C00BC6 /* ArraysAndHashingTests.swift */; };
		EDD204BC2ABFB2C900C00BC6 /* Stacks.swift in Sources */ = {isa = PBXBuildFile; fileRef = EDD204BB2ABFB2C900C00BC6 /* Stacks.swift */; };
		EDD204BE2AC31FC000C00BC6 /* StackTests.swift in Sources */ = {isa = PBXBuildFile; fileRef = EDD204BD2AC31FC000C00BC6 /* StackTests.swift */; };
/* End PBXBuildFile section */

/* Begin PBXContainerItemProxy section */
		EDD204AB2ABFB1C400C00BC6 /* PBXContainerItemProxy */ = {
			isa = PBXContainerItemProxy;
			containerPortal = EDD204962ABFB1C400C00BC6 /* Project object */;
			proxyType = 1;
			remoteGlobalIDString = EDD2049E2ABFB1C400C00BC6;
			remoteInfo = LeetCodePractice;
		};
/* End PBXContainerItemProxy section */

/* Begin PBXFileReference section */
		EDB20BD62AC482A5002B7F1C /* ArraysAndHasing.swift */ = {isa = PBXFileReference; lastKnownFileType = sourcecode.swift; path = ArraysAndHasing.swift; sourceTree = "<group>"; };
		EDB20BD82AC483AC002B7F1C /* TwoPointers.swift */ = {isa = PBXFileReference; lastKnownFileType = sourcecode.swift; path = TwoPointers.swift; sourceTree = "<group>"; };
		EDB20BDA2AC48404002B7F1C /* TwoPointersTests.swift */ = {isa = PBXFileReference; lastKnownFileType = sourcecode.swift; path = TwoPointersTests.swift; sourceTree = "<group>"; };
		EDD2049F2ABFB1C400C00BC6 /* LeetCodePractice.framework */ = {isa = PBXFileReference; explicitFileType = wrapper.framework; includeInIndex = 0; path = LeetCodePractice.framework; sourceTree = BUILT_PRODUCTS_DIR; };
		EDD204A22ABFB1C400C00BC6 /* LeetCodePractice.h */ = {isa = PBXFileReference; lastKnownFileType = sourcecode.c.h; path = LeetCodePractice.h; sourceTree = "<group>"; };
		EDD204A32ABFB1C400C00BC6 /* LeetCodePractice.docc */ = {isa = PBXFileReference; lastKnownFileType = folder.documentationcatalog; path = LeetCodePractice.docc; sourceTree = "<group>"; };
		EDD204A92ABFB1C400C00BC6 /* LeetCodePracticeTests.xctest */ = {isa = PBXFileReference; explicitFileType = wrapper.cfbundle; includeInIndex = 0; path = LeetCodePracticeTests.xctest; sourceTree = BUILT_PRODUCTS_DIR; };
		EDD204B92ABFB23D00C00BC6 /* ArraysAndHashingTests.swift */ = {isa = PBXFileReference; lastKnownFileType = sourcecode.swift; path = ArraysAndHashingTests.swift; sourceTree = "<group>"; };
		EDD204BB2ABFB2C900C00BC6 /* Stacks.swift */ = {isa = PBXFileReference; lastKnownFileType = sourcecode.swift; path = Stacks.swift; sourceTree = "<group>"; };
		EDD204BD2AC31FC000C00BC6 /* StackTests.swift */ = {isa = PBXFileReference; lastKnownFileType = sourcecode.swift; path = StackTests.swift; sourceTree = "<group>"; };
/* End PBXFileReference section */

/* Begin PBXFrameworksBuildPhase section */
		EDD2049C2ABFB1C400C00BC6 /* Frameworks */ = {
			isa = PBXFrameworksBuildPhase;
			buildActionMask = 2147483647;
			files = (
			);
			runOnlyForDeploymentPostprocessing = 0;
		};
		EDD204A62ABFB1C400C00BC6 /* Frameworks */ = {
			isa = PBXFrameworksBuildPhase;
			buildActionMask = 2147483647;
			files = (
				EDD204AA2ABFB1C400C00BC6 /* LeetCodePractice.framework in Frameworks */,
			);
			runOnlyForDeploymentPostprocessing = 0;
		};
/* End PBXFrameworksBuildPhase section */

/* Begin PBXGroup section */
		EDD204952ABFB1C400C00BC6 = {
			isa = PBXGroup;
			children = (
				EDD204A12ABFB1C400C00BC6 /* LeetCodePractice */,
				EDD204AD2ABFB1C400C00BC6 /* LeetCodePracticeTests */,
				EDD204A02ABFB1C400C00BC6 /* Products */,
			);
			sourceTree = "<group>";
		};
		EDD204A02ABFB1C400C00BC6 /* Products */ = {
			isa = PBXGroup;
			children = (
				EDD2049F2ABFB1C400C00BC6 /* LeetCodePractice.framework */,
				EDD204A92ABFB1C400C00BC6 /* LeetCodePracticeTests.xctest */,
			);
			name = Products;
			sourceTree = "<group>";
		};
		EDD204A12ABFB1C400C00BC6 /* LeetCodePractice */ = {
			isa = PBXGroup;
			children = (
				EDD204A22ABFB1C400C00BC6 /* LeetCodePractice.h */,
				EDD204A32ABFB1C400C00BC6 /* LeetCodePractice.docc */,
				EDD204BB2ABFB2C900C00BC6 /* Stacks.swift */,
				EDB20BD62AC482A5002B7F1C /* ArraysAndHasing.swift */,
				EDB20BD82AC483AC002B7F1C /* TwoPointers.swift */,
			);
			path = LeetCodePractice;
			sourceTree = "<group>";
		};
		EDD204AD2ABFB1C400C00BC6 /* LeetCodePracticeTests */ = {
			isa = PBXGroup;
			children = (
				EDD204B92ABFB23D00C00BC6 /* ArraysAndHashingTests.swift */,
				EDD204BD2AC31FC000C00BC6 /* StackTests.swift */,
				EDB20BDA2AC48404002B7F1C /* TwoPointersTests.swift */,
			);
			path = LeetCodePracticeTests;
			sourceTree = "<group>";
		};
/* End PBXGroup section */

/* Begin PBXHeadersBuildPhase section */
		EDD2049A2ABFB1C400C00BC6 /* Headers */ = {
			isa = PBXHeadersBuildPhase;
			buildActionMask = 2147483647;
			files = (
				EDD204B02ABFB1C400C00BC6 /* LeetCodePractice.h in Headers */,
			);
			runOnlyForDeploymentPostprocessing = 0;
		};
/* End PBXHeadersBuildPhase section */

/* Begin PBXNativeTarget section */
		EDD2049E2ABFB1C400C00BC6 /* LeetCodePractice */ = {
			isa = PBXNativeTarget;
			buildConfigurationList = EDD204B32ABFB1C400C00BC6 /* Build configuration list for PBXNativeTarget "LeetCodePractice" */;
			buildPhases = (
				EDD2049A2ABFB1C400C00BC6 /* Headers */,
				EDD2049B2ABFB1C400C00BC6 /* Sources */,
				EDD2049C2ABFB1C400C00BC6 /* Frameworks */,
				EDD2049D2ABFB1C400C00BC6 /* Resources */,
			);
			buildRules = (
			);
			dependencies = (
			);
			name = LeetCodePractice;
			productName = LeetCodePractice;
			productReference = EDD2049F2ABFB1C400C00BC6 /* LeetCodePractice.framework */;
			productType = "com.apple.product-type.framework";
		};
		EDD204A82ABFB1C400C00BC6 /* LeetCodePracticeTests */ = {
			isa = PBXNativeTarget;
			buildConfigurationList = EDD204B62ABFB1C400C00BC6 /* Build configuration list for PBXNativeTarget "LeetCodePracticeTests" */;
			buildPhases = (
				EDD204A52ABFB1C400C00BC6 /* Sources */,
				EDD204A62ABFB1C400C00BC6 /* Frameworks */,
				EDD204A72ABFB1C400C00BC6 /* Resources */,
			);
			buildRules = (
			);
			dependencies = (
				EDD204AC2ABFB1C400C00BC6 /* PBXTargetDependency */,
			);
			name = LeetCodePracticeTests;
			productName = LeetCodePracticeTests;
			productReference = EDD204A92ABFB1C400C00BC6 /* LeetCodePracticeTests.xctest */;
			productType = "com.apple.product-type.bundle.unit-test";
		};
/* End PBXNativeTarget section */

/* Begin PBXProject section */
		EDD204962ABFB1C400C00BC6 /* Project object */ = {
			isa = PBXProject;
			attributes = {
				BuildIndependentTargetsInParallel = 1;
				LastSwiftUpdateCheck = 1420;
				LastUpgradeCheck = 1420;
				TargetAttributes = {
					EDD2049E2ABFB1C400C00BC6 = {
						CreatedOnToolsVersion = 14.2;
					};
					EDD204A82ABFB1C400C00BC6 = {
						CreatedOnToolsVersion = 14.2;
						LastSwiftMigration = 1420;
					};
				};
			};
			buildConfigurationList = EDD204992ABFB1C400C00BC6 /* Build configuration list for PBXProject "LeetCodePractice" */;
			compatibilityVersion = "Xcode 14.0";
			developmentRegion = en;
			hasScannedForEncodings = 0;
			knownRegions = (
				en,
				Base,
			);
			mainGroup = EDD204952ABFB1C400C00BC6;
			productRefGroup = EDD204A02ABFB1C400C00BC6 /* Products */;
			projectDirPath = "";
			projectRoot = "";
			targets = (
				EDD2049E2ABFB1C400C00BC6 /* LeetCodePractice */,
				EDD204A82ABFB1C400C00BC6 /* LeetCodePracticeTests */,
			);
		};
/* End PBXProject section */

/* Begin PBXResourcesBuildPhase section */
		EDD2049D2ABFB1C400C00BC6 /* Resources */ = {
			isa = PBXResourcesBuildPhase;
			buildActionMask = 2147483647;
			files = (
			);
			runOnlyForDeploymentPostprocessing = 0;
		};
		EDD204A72ABFB1C400C00BC6 /* Resources */ = {
			isa = PBXResourcesBuildPhase;
			buildActionMask = 2147483647;
			files = (
			);
			runOnlyForDeploymentPostprocessing = 0;
		};
/* End PBXResourcesBuildPhase section */

/* Begin PBXSourcesBuildPhase section */
		EDD2049B2ABFB1C400C00BC6 /* Sources */ = {
			isa = PBXSourcesBuildPhase;
			buildActionMask = 2147483647;
			files = (
				EDD204BC2ABFB2C900C00BC6 /* Stacks.swift in Sources */,
				EDD204A42ABFB1C400C00BC6 /* LeetCodePractice.docc in Sources */,
				EDB20BD92AC483AC002B7F1C /* TwoPointers.swift in Sources */,
				EDB20BD72AC482A5002B7F1C /* ArraysAndHasing.swift in Sources */,
			);
			runOnlyForDeploymentPostprocessing = 0;
		};
		EDD204A52ABFB1C400C00BC6 /* Sources */ = {
			isa = PBXSourcesBuildPhase;
			buildActionMask = 2147483647;
			files = (
				EDD204BE2AC31FC000C00BC6 /* StackTests.swift in Sources */,
				EDB20BDB2AC48404002B7F1C /* TwoPointersTests.swift in Sources */,
				EDD204BA2ABFB23D00C00BC6 /* ArraysAndHashingTests.swift in Sources */,
			);
			runOnlyForDeploymentPostprocessing = 0;
		};
/* End PBXSourcesBuildPhase section */

/* Begin PBXTargetDependency section */
		EDD204AC2ABFB1C400C00BC6 /* PBXTargetDependency */ = {
			isa = PBXTargetDependency;
			target = EDD2049E2ABFB1C400C00BC6 /* LeetCodePractice */;
			targetProxy = EDD204AB2ABFB1C400C00BC6 /* PBXContainerItemProxy */;
		};
/* End PBXTargetDependency section */

/* Begin XCBuildConfiguration section */
		EDD204B12ABFB1C400C00BC6 /* Debug */ = {
			isa = XCBuildConfiguration;
			buildSettings = {
				ALWAYS_SEARCH_USER_PATHS = NO;
				CLANG_ANALYZER_NONNULL = YES;
				CLANG_ANALYZER_NUMBER_OBJECT_CONVERSION = YES_AGGRESSIVE;
				CLANG_CXX_LANGUAGE_STANDARD = "gnu++20";
				CLANG_ENABLE_MODULES = YES;
				CLANG_ENABLE_OBJC_ARC = YES;
				CLANG_ENABLE_OBJC_WEAK = YES;
				CLANG_WARN_BLOCK_CAPTURE_AUTORELEASING = YES;
				CLANG_WARN_BOOL_CONVERSION = YES;
				CLANG_WARN_COMMA = YES;
				CLANG_WARN_CONSTANT_CONVERSION = YES;
				CLANG_WARN_DEPRECATED_OBJC_IMPLEMENTATIONS = YES;
				CLANG_WARN_DIRECT_OBJC_ISA_USAGE = YES_ERROR;
				CLANG_WARN_DOCUMENTATION_COMMENTS = YES;
				CLANG_WARN_EMPTY_BODY = YES;
				CLANG_WARN_ENUM_CONVERSION = YES;
				CLANG_WARN_INFINITE_RECURSION = YES;
				CLANG_WARN_INT_CONVERSION = YES;
				CLANG_WARN_NON_LITERAL_NULL_CONVERSION = YES;
				CLANG_WARN_OBJC_IMPLICIT_RETAIN_SELF = YES;
				CLANG_WARN_OBJC_LITERAL_CONVERSION = YES;
				CLANG_WARN_OBJC_ROOT_CLASS = YES_ERROR;
				CLANG_WARN_QUOTED_INCLUDE_IN_FRAMEWORK_HEADER = YES;
				CLANG_WARN_RANGE_LOOP_ANALYSIS = YES;
				CLANG_WARN_STRICT_PROTOTYPES = YES;
				CLANG_WARN_SUSPICIOUS_MOVE = YES;
				CLANG_WARN_UNGUARDED_AVAILABILITY = YES_AGGRESSIVE;
				CLANG_WARN_UNREACHABLE_CODE = YES;
				CLANG_WARN__DUPLICATE_METHOD_MATCH = YES;
				COPY_PHASE_STRIP = NO;
				CURRENT_PROJECT_VERSION = 1;
				DEBUG_INFORMATION_FORMAT = dwarf;
				ENABLE_STRICT_OBJC_MSGSEND = YES;
				ENABLE_TESTABILITY = YES;
				GCC_C_LANGUAGE_STANDARD = gnu11;
				GCC_DYNAMIC_NO_PIC = NO;
				GCC_NO_COMMON_BLOCKS = YES;
				GCC_OPTIMIZATION_LEVEL = 0;
				GCC_PREPROCESSOR_DEFINITIONS = (
					"DEBUG=1",
					"$(inherited)",
				);
				GCC_WARN_64_TO_32_BIT_CONVERSION = YES;
				GCC_WARN_ABOUT_RETURN_TYPE = YES_ERROR;
				GCC_WARN_UNDECLARED_SELECTOR = YES;
				GCC_WARN_UNINITIALIZED_AUTOS = YES_AGGRESSIVE;
				GCC_WARN_UNUSED_FUNCTION = YES;
				GCC_WARN_UNUSED_VARIABLE = YES;
				IPHONEOS_DEPLOYMENT_TARGET = 16.2;
				MTL_ENABLE_DEBUG_INFO = INCLUDE_SOURCE;
				MTL_FAST_MATH = YES;
				ONLY_ACTIVE_ARCH = YES;
				SDKROOT = iphoneos;
				SWIFT_ACTIVE_COMPILATION_CONDITIONS = DEBUG;
				SWIFT_OPTIMIZATION_LEVEL = "-Onone";
				VERSIONING_SYSTEM = "apple-generic";
				VERSION_INFO_PREFIX = "";
			};
			name = Debug;
		};
		EDD204B22ABFB1C400C00BC6 /* Release */ = {
			isa = XCBuildConfiguration;
			buildSettings = {
				ALWAYS_SEARCH_USER_PATHS = NO;
				CLANG_ANALYZER_NONNULL = YES;
				CLANG_ANALYZER_NUMBER_OBJECT_CONVERSION = YES_AGGRESSIVE;
				CLANG_CXX_LANGUAGE_STANDARD = "gnu++20";
				CLANG_ENABLE_MODULES = YES;
				CLANG_ENABLE_OBJC_ARC = YES;
				CLANG_ENABLE_OBJC_WEAK = YES;
				CLANG_WARN_BLOCK_CAPTURE_AUTORELEASING = YES;
				CLANG_WARN_BOOL_CONVERSION = YES;
				CLANG_WARN_COMMA = YES;
				CLANG_WARN_CONSTANT_CONVERSION = YES;
				CLANG_WARN_DEPRECATED_OBJC_IMPLEMENTATIONS = YES;
				CLANG_WARN_DIRECT_OBJC_ISA_USAGE = YES_ERROR;
				CLANG_WARN_DOCUMENTATION_COMMENTS = YES;
				CLANG_WARN_EMPTY_BODY = YES;
				CLANG_WARN_ENUM_CONVERSION = YES;
				CLANG_WARN_INFINITE_RECURSION = YES;
				CLANG_WARN_INT_CONVERSION = YES;
				CLANG_WARN_NON_LITERAL_NULL_CONVERSION = YES;
				CLANG_WARN_OBJC_IMPLICIT_RETAIN_SELF = YES;
				CLANG_WARN_OBJC_LITERAL_CONVERSION = YES;
				CLANG_WARN_OBJC_ROOT_CLASS = YES_ERROR;
				CLANG_WARN_QUOTED_INCLUDE_IN_FRAMEWORK_HEADER = YES;
				CLANG_WARN_RANGE_LOOP_ANALYSIS = YES;
				CLANG_WARN_STRICT_PROTOTYPES = YES;
				CLANG_WARN_SUSPICIOUS_MOVE = YES;
				CLANG_WARN_UNGUARDED_AVAILABILITY = YES_AGGRESSIVE;
				CLANG_WARN_UNREACHABLE_CODE = YES;
				CLANG_WARN__DUPLICATE_METHOD_MATCH = YES;
				COPY_PHASE_STRIP = NO;
				CURRENT_PROJECT_VERSION = 1;
				DEBUG_INFORMATION_FORMAT = "dwarf-with-dsym";
				ENABLE_NS_ASSERTIONS = NO;
				ENABLE_STRICT_OBJC_MSGSEND = YES;
				GCC_C_LANGUAGE_STANDARD = gnu11;
				GCC_NO_COMMON_BLOCKS = YES;
				GCC_WARN_64_TO_32_BIT_CONVERSION = YES;
				GCC_WARN_ABOUT_RETURN_TYPE = YES_ERROR;
				GCC_WARN_UNDECLARED_SELECTOR = YES;
				GCC_WARN_UNINITIALIZED_AUTOS = YES_AGGRESSIVE;
				GCC_WARN_UNUSED_FUNCTION = YES;
				GCC_WARN_UNUSED_VARIABLE = YES;
				IPHONEOS_DEPLOYMENT_TARGET = 16.2;
				MTL_ENABLE_DEBUG_INFO = NO;
				MTL_FAST_MATH = YES;
				SDKROOT = iphoneos;
				SWIFT_COMPILATION_MODE = wholemodule;
				SWIFT_OPTIMIZATION_LEVEL = "-O";
				VALIDATE_PRODUCT = YES;
				VERSIONING_SYSTEM = "apple-generic";
				VERSION_INFO_PREFIX = "";
			};
			name = Release;
		};
		EDD204B42ABFB1C400C00BC6 /* Debug */ = {
			isa = XCBuildConfiguration;
			buildSettings = {
				CODE_SIGN_STYLE = Automatic;
				CURRENT_PROJECT_VERSION = 1;
				DEFINES_MODULE = YES;
				DEVELOPMENT_TEAM = P649CF844Y;
				DYLIB_COMPATIBILITY_VERSION = 1;
				DYLIB_CURRENT_VERSION = 1;
				DYLIB_INSTALL_NAME_BASE = "@rpath";
				GENERATE_INFOPLIST_FILE = YES;
				INFOPLIST_KEY_NSHumanReadableCopyright = "";
				INSTALL_PATH = "$(LOCAL_LIBRARY_DIR)/Frameworks";
				LD_RUNPATH_SEARCH_PATHS = (
					"$(inherited)",
					"@executable_path/Frameworks",
					"@loader_path/Frameworks",
				);
				MARKETING_VERSION = 1.0;
				PRODUCT_BUNDLE_IDENTIFIER = ayrenking.LeetCodePractice;
				PRODUCT_NAME = "$(TARGET_NAME:c99extidentifier)";
				SKIP_INSTALL = YES;
				SWIFT_EMIT_LOC_STRINGS = YES;
				SWIFT_VERSION = 5.0;
				TARGETED_DEVICE_FAMILY = "1,2";
			};
			name = Debug;
		};
		EDD204B52ABFB1C400C00BC6 /* Release */ = {
			isa = XCBuildConfiguration;
			buildSettings = {
				CODE_SIGN_STYLE = Automatic;
				CURRENT_PROJECT_VERSION = 1;
				DEFINES_MODULE = YES;
				DEVELOPMENT_TEAM = P649CF844Y;
				DYLIB_COMPATIBILITY_VERSION = 1;
				DYLIB_CURRENT_VERSION = 1;
				DYLIB_INSTALL_NAME_BASE = "@rpath";
				GENERATE_INFOPLIST_FILE = YES;
				INFOPLIST_KEY_NSHumanReadableCopyright = "";
				INSTALL_PATH = "$(LOCAL_LIBRARY_DIR)/Frameworks";
				LD_RUNPATH_SEARCH_PATHS = (
					"$(inherited)",
					"@executable_path/Frameworks",
					"@loader_path/Frameworks",
				);
				MARKETING_VERSION = 1.0;
				PRODUCT_BUNDLE_IDENTIFIER = ayrenking.LeetCodePractice;
				PRODUCT_NAME = "$(TARGET_NAME:c99extidentifier)";
				SKIP_INSTALL = YES;
				SWIFT_EMIT_LOC_STRINGS = YES;
				SWIFT_VERSION = 5.0;
				TARGETED_DEVICE_FAMILY = "1,2";
			};
			name = Release;
		};
		EDD204B72ABFB1C400C00BC6 /* Debug */ = {
			isa = XCBuildConfiguration;
			buildSettings = {
				ALWAYS_EMBED_SWIFT_STANDARD_LIBRARIES = YES;
				CLANG_ENABLE_MODULES = YES;
				CODE_SIGN_STYLE = Automatic;
				CURRENT_PROJECT_VERSION = 1;
				DEVELOPMENT_TEAM = P649CF844Y;
				GENERATE_INFOPLIST_FILE = YES;
				LD_RUNPATH_SEARCH_PATHS = (
					"$(inherited)",
					"@executable_path/Frameworks",
					"@loader_path/Frameworks",
				);
				MARKETING_VERSION = 1.0;
				PRODUCT_BUNDLE_IDENTIFIER = ayrenking.LeetCodePracticeTests;
				PRODUCT_NAME = "$(TARGET_NAME)";
				SWIFT_EMIT_LOC_STRINGS = NO;
				SWIFT_OPTIMIZATION_LEVEL = "-Onone";
				SWIFT_VERSION = 5.0;
				TARGETED_DEVICE_FAMILY = "1,2";
			};
			name = Debug;
		};
		EDD204B82ABFB1C400C00BC6 /* Release */ = {
			isa = XCBuildConfiguration;
			buildSettings = {
				ALWAYS_EMBED_SWIFT_STANDARD_LIBRARIES = YES;
				CLANG_ENABLE_MODULES = YES;
				CODE_SIGN_STYLE = Automatic;
				CURRENT_PROJECT_VERSION = 1;
				DEVELOPMENT_TEAM = P649CF844Y;
				GENERATE_INFOPLIST_FILE = YES;
				LD_RUNPATH_SEARCH_PATHS = (
					"$(inherited)",
					"@executable_path/Frameworks",
					"@loader_path/Frameworks",
				);
				MARKETING_VERSION = 1.0;
				PRODUCT_BUNDLE_IDENTIFIER = ayrenking.LeetCodePracticeTests;
				PRODUCT_NAME = "$(TARGET_NAME)";
				SWIFT_EMIT_LOC_STRINGS = NO;
				SWIFT_VERSION = 5.0;
				TARGETED_DEVICE_FAMILY = "1,2";
			};
			name = Release;
		};
/* End XCBuildConfiguration section */

/* Begin XCConfigurationList section */
		EDD204992ABFB1C400C00BC6 /* Build configuration list for PBXProject "LeetCodePractice" */ = {
			isa = XCConfigurationList;
			buildConfigurations = (
				EDD204B12ABFB1C400C00BC6 /* Debug */,
				EDD204B22ABFB1C400C00BC6 /* Release */,
			);
			defaultConfigurationIsVisible = 0;
			defaultConfigurationName = Release;
		};
		EDD204B32ABFB1C400C00BC6 /* Build configuration list for PBXNativeTarget "LeetCodePractice" */ = {
			isa = XCConfigurationList;
			buildConfigurations = (
				EDD204B42ABFB1C400C00BC6 /* Debug */,
				EDD204B52ABFB1C400C00BC6 /* Release */,
			);
			defaultConfigurationIsVisible = 0;
			defaultConfigurationName = Release;
		};
		EDD204B62ABFB1C400C00BC6 /* Build configuration list for PBXNativeTarget "LeetCodePracticeTests" */ = {
			isa = XCConfigurationList;
			buildConfigurations = (
				EDD204B72ABFB1C400C00BC6 /* Debug */,
				EDD204B82ABFB1C400C00BC6 /* Release */,
			);
			defaultConfigurationIsVisible = 0;
			defaultConfigurationName = Release;
		};
/* End XCConfigurationList section */
	};
	rootObject = EDD204962ABFB1C400C00BC6 /* Project object */;
}
